<?xml version="1.0" encoding="utf-8"?>
<Project ToolsVersion="4.0" xmlns="http://schemas.microsoft.com/developer/msbuild/2003">
  <ItemGroup>
    <Filter Include="0Default">
      <UniqueIdentifier>{f92c085f-f791-45ff-a2eb-ad6061acc75d}</UniqueIdentifier>
    </Filter>
    <Filter Include="1ConsoleEx3">
      <UniqueIdentifier>{1d0438e4-f089-427b-9caf-52902473b9e4}</UniqueIdentifier>
    </Filter>
    <Filter Include="2Engine">
      <UniqueIdentifier>{99a12ef7-edd6-4376-a88a-d79b0aa41639}</UniqueIdentifier>
    </Filter>
    <Filter Include="2Engine\Singleton">
      <UniqueIdentifier>{1bf3d186-394a-49d1-bcfe-0709dc958132}</UniqueIdentifier>
    </Filter>
    <Filter Include="2Engine\Director">
      <UniqueIdentifier>{a737006c-7232-4045-96b7-318f58de885a}</UniqueIdentifier>
    </Filter>
    <Filter Include="2Engine\Scene">
      <UniqueIdentifier>{5f5495b0-bb02-48cd-83e1-55921571fcb6}</UniqueIdentifier>
    </Filter>
    <Filter Include="3Game">
      <UniqueIdentifier>{080b7eb9-866c-4640-8ff3-b5968eb09e59}</UniqueIdentifier>
    </Filter>
    <Filter Include="2Engine\GameObject">
      <UniqueIdentifier>{e8a63644-b640-4991-b8d4-e9fa8a2e4cad}</UniqueIdentifier>
    </Filter>
    <Filter Include="2Engine\Component">
      <UniqueIdentifier>{9c8545e1-2590-4bec-a21f-4708b6c7a0d1}</UniqueIdentifier>
    </Filter>
    <Filter Include="3Game\Components">
      <UniqueIdentifier>{9b9a11eb-2de5-47ea-b2f0-433247704326}</UniqueIdentifier>
    </Filter>
    <Filter Include="3Game\Scene">
      <UniqueIdentifier>{48f458e3-d84b-4ce0-bc80-e719b8cee896}</UniqueIdentifier>
    </Filter>
    <Filter Include="3Game\Scene\GameScene">
      <UniqueIdentifier>{a471fea3-e4c0-453a-ad77-7380973b0c1e}</UniqueIdentifier>
    </Filter>
    <Filter Include="3Game\Scene\MainScene">
      <UniqueIdentifier>{ef0a9d38-44e7-435b-a5e9-10506baccf12}</UniqueIdentifier>
    </Filter>
  </ItemGroup>
  <ItemGroup>
    <ClCompile Include="main.cpp">
      <Filter>0Default</Filter>
    </ClCompile>
    <ClCompile Include="ConsoleEx3\SysTimer.cpp">
      <Filter>1ConsoleEx3</Filter>
    </ClCompile>
    <ClCompile Include="ConsoleEx3\ConWrap.cpp">
      <Filter>1ConsoleEx3</Filter>
    </ClCompile>
    <ClCompile Include="Engine\Singleton.cpp">
      <Filter>2Engine\Singleton</Filter>
    </ClCompile>
    <ClCompile Include="Engine\Director.cpp">
      <Filter>2Engine\Director</Filter>
    </ClCompile>
    <ClCompile Include="Engine\Scene.cpp">
      <Filter>2Engine\Scene</Filter>
    </ClCompile>
    <ClCompile Include="Game\Scene\MainScene.cpp">
      <Filter>3Game\Scene\MainScene</Filter>
    </ClCompile>
    <ClCompile Include="Game\Scene\GameScene.cpp">
      <Filter>3Game\Scene\GameScene</Filter>
    </ClCompile>
    <ClCompile Include="Engine\GameObject.cpp">
      <Filter>2Engine\GameObject</Filter>
    </ClCompile>
    <ClCompile Include="Engine\Component.cpp">
      <Filter>2Engine\Component</Filter>
    </ClCompile>
    <ClCompile Include="Game\Component\Transform.cpp">
      <Filter>3Game\Components</Filter>
    </ClCompile>
    <ClCompile Include="Game\Component\Renderer.cpp">
      <Filter>3Game\Components</Filter>
    </ClCompile>
    <ClCompile Include="Game\Component\PlayerController.cpp">
      <Filter>3Game\Components</Filter>
    </ClCompile>
    <ClCompile Include="Game\Component\Bullet.cpp">
      <Filter>3Game\Components</Filter>
    </ClCompile>
  </ItemGroup>
  <ItemGroup>
    <ClInclude Include="ConsoleEx3\ConWrap.h">
      <Filter>1ConsoleEx3</Filter>
    </ClInclude>
    <ClInclude Include="ConsoleEx3\ConWrapColors.h">
      <Filter>1ConsoleEx3</Filter>
    </ClInclude>
    <ClInclude Include="ConsoleEx3\ConWrapDefines.h">
      <Filter>1ConsoleEx3</Filter>
    </ClInclude>
    <ClInclude Include="ConsoleEx3\SysTimer.h">
      <Filter>1ConsoleEx3</Filter>
    </ClInclude>
    <ClInclude Include="Engine\Singleton.h">
      <Filter>2Engine\Singleton</Filter>
    </ClInclude>
    <ClInclude Include="Engine\Director.h">
      <Filter>2Engine\Director</Filter>
    </ClInclude>
    <ClInclude Include="Engine\Scene.h">
      <Filter>2Engine\Scene</Filter>
    </ClInclude>
    <ClInclude Include="Game\Scene\MainScene.h">
      <Filter>3Game\Scene\MainScene</Filter>
    </ClInclude>
    <ClInclude Include="Game\Scene\GameScene.h">
      <Filter>3Game\Scene\GameScene</Filter>
    </ClInclude>
    <ClInclude Include="Engine\GameObject.h">
      <Filter>2Engine\GameObject</Filter>
    </ClInclude>
    <ClInclude Include="Engine\Component.h">
      <Filter>2Engine\Component</Filter>
    </ClInclude>
    <ClInclude Include="Game\Component\Transform.h">
      <Filter>3Game\Components</Filter>
    </ClInclude>
    <ClInclude Include="Game\Component\Renderer.h">
      <Filter>3Game\Components</Filter>
    </ClInclude>
    <ClInclude Include="Game\Component\Bullet.h">
      <Filter>3Game\Components</Filter>
    </ClInclude>
    <ClInclude Include="Game\Component\PlayerController.h">
      <Filter>3Game\Components</Filter>
    </ClInclude>
  </ItemGroup>
  <ItemGroup>
    <None Include="ConsoleEx3\conwrapex3_0301262300.chm">
      <Filter>1ConsoleEx3</Filter>
    </None>
  </ItemGroup>
  <ItemGroup>
    <Text Include="ConsoleEx3\개발일지.txt">
      <Filter>1ConsoleEx3</Filter>
    </Text>
  </ItemGroup>
</Project>